// !$*UTF8*$!
{
	archiveVersion = 1;
	classes = {
	};
	objectVersion = 56;
	objects = {

/* Begin PBXBuildFile section */
		053AE27668B8E55ACF5375AB /* Pods_BookManager.framework in Frameworks */ = {isa = PBXBuildFile; fileRef = AE22123C0254F600ADBC4BDB /* Pods_BookManager.framework */; };
		430BEEC528F7AF320007EB0E /* BorrowReturnViewController.swift in Sources */ = {isa = PBXBuildFile; fileRef = 430BEEC428F7AF320007EB0E /* BorrowReturnViewController.swift */; };
		43294A3928DAFFF400962A3E /* AppDelegate.swift in Sources */ = {isa = PBXBuildFile; fileRef = 43294A3828DAFFF400962A3E /* AppDelegate.swift */; };
		43294A3B28DAFFF400962A3E /* SceneDelegate.swift in Sources */ = {isa = PBXBuildFile; fileRef = 43294A3A28DAFFF400962A3E /* SceneDelegate.swift */; };
		43294A3D28DAFFF400962A3E /* UserLoginViewController.swift in Sources */ = {isa = PBXBuildFile; fileRef = 43294A3C28DAFFF400962A3E /* UserLoginViewController.swift */; };
		43294A4028DAFFF400962A3E /* Main.storyboard in Resources */ = {isa = PBXBuildFile; fileRef = 43294A3E28DAFFF400962A3E /* Main.storyboard */; };
		43294A4228DAFFF500962A3E /* Assets.xcassets in Resources */ = {isa = PBXBuildFile; fileRef = 43294A4128DAFFF500962A3E /* Assets.xcassets */; };
		43294A4528DAFFF500962A3E /* LaunchScreen.storyboard in Resources */ = {isa = PBXBuildFile; fileRef = 43294A4328DAFFF500962A3E /* LaunchScreen.storyboard */; };
		43294A5028DAFFF500962A3E /* BookManagerTests.swift in Sources */ = {isa = PBXBuildFile; fileRef = 43294A4F28DAFFF500962A3E /* BookManagerTests.swift */; };
		43294A5A28DAFFF500962A3E /* BookManagerUITests.swift in Sources */ = {isa = PBXBuildFile; fileRef = 43294A5928DAFFF500962A3E /* BookManagerUITests.swift */; };
		43294A5C28DAFFF500962A3E /* BookManagerUITestsLaunchTests.swift in Sources */ = {isa = PBXBuildFile; fileRef = 43294A5B28DAFFF500962A3E /* BookManagerUITestsLaunchTests.swift */; };
		4378852F28EF0726008FF455 /* UserLoginPresenter.swift in Sources */ = {isa = PBXBuildFile; fileRef = 4378852E28EF0726008FF455 /* UserLoginPresenter.swift */; };
		4378853128EF07D1008FF455 /* UserLoginModel.swift in Sources */ = {isa = PBXBuildFile; fileRef = 4378853028EF07D1008FF455 /* UserLoginModel.swift */; };
		4378853428EF1033008FF455 /* User.swift in Sources */ = {isa = PBXBuildFile; fileRef = 4378853328EF1033008FF455 /* User.swift */; };
		4378853628EFB3AF008FF455 /* GoogleService-Info.plist in Resources */ = {isa = PBXBuildFile; fileRef = 4378853528EFB3AF008FF455 /* GoogleService-Info.plist */; };
		4378853828F0498E008FF455 /* BookRegisterPresenter.swift in Sources */ = {isa = PBXBuildFile; fileRef = 4378853728F0498E008FF455 /* BookRegisterPresenter.swift */; };
		4378853A28F049AB008FF455 /* BookRegisterModel.swift in Sources */ = {isa = PBXBuildFile; fileRef = 4378853928F049AB008FF455 /* BookRegisterModel.swift */; };
		4378853C28F07006008FF455 /* Isbn.swift in Sources */ = {isa = PBXBuildFile; fileRef = 4378853B28F07006008FF455 /* Isbn.swift */; };
		4378853E28F074EE008FF455 /* Book.swift in Sources */ = {isa = PBXBuildFile; fileRef = 4378853D28F074EE008FF455 /* Book.swift */; };
		4378854028F1484C008FF455 /* BookManagementPresenter.swift in Sources */ = {isa = PBXBuildFile; fileRef = 4378853F28F1484C008FF455 /* BookManagementPresenter.swift */; };
		4378854228F1485C008FF455 /* BookManagementModel.swift in Sources */ = {isa = PBXBuildFile; fileRef = 4378854128F1485C008FF455 /* BookManagementModel.swift */; };
		4378854528F1B88A008FF455 /* BorrowedBookViewController.swift in Sources */ = {isa = PBXBuildFile; fileRef = 4378854428F1B88A008FF455 /* BorrowedBookViewController.swift */; };
		4378854728F1B8B9008FF455 /* BorrowedBookPresenter.swift in Sources */ = {isa = PBXBuildFile; fileRef = 4378854628F1B8B9008FF455 /* BorrowedBookPresenter.swift */; };
		4378854928F1B8C2008FF455 /* BorrowedBookModel.swift in Sources */ = {isa = PBXBuildFile; fileRef = 4378854828F1B8C2008FF455 /* BorrowedBookModel.swift */; };
		43E29B0F28E9689900B4A23F /* BookRegisterViewController.swift in Sources */ = {isa = PBXBuildFile; fileRef = 43E29B0E28E9689900B4A23F /* BookRegisterViewController.swift */; };
		43E29B1128E968AE00B4A23F /* BookManagementViewController.swift in Sources */ = {isa = PBXBuildFile; fileRef = 43E29B1028E968AE00B4A23F /* BookManagementViewController.swift */; };
		43E29B1328E9742800B4A23F /* BookDetailTableViewCell.swift in Sources */ = {isa = PBXBuildFile; fileRef = 43E29B1228E9742700B4A23F /* BookDetailTableViewCell.swift */; };
		89B379499F139A57FB4A535C /* Pods_BookManagerTests.framework in Frameworks */ = {isa = PBXBuildFile; fileRef = D0CD3184FEE122664575ADE9 /* Pods_BookManagerTests.framework */; };
		C1216CB399A561B2D0D32D7F /* Pods_BookManager_BookManagerUITests.framework in Frameworks */ = {isa = PBXBuildFile; fileRef = 1C3F496EEF58DB2113BC9DEA /* Pods_BookManager_BookManagerUITests.framework */; };
/* End PBXBuildFile section */

/* Begin PBXContainerItemProxy section */
		43294A4C28DAFFF500962A3E /* PBXContainerItemProxy */ = {
			isa = PBXContainerItemProxy;
			containerPortal = 43294A2D28DAFFF400962A3E /* Project object */;
			proxyType = 1;
			remoteGlobalIDString = 43294A3428DAFFF400962A3E;
			remoteInfo = BookManager;
		};
		43294A5628DAFFF500962A3E /* PBXContainerItemProxy */ = {
			isa = PBXContainerItemProxy;
			containerPortal = 43294A2D28DAFFF400962A3E /* Project object */;
			proxyType = 1;
			remoteGlobalIDString = 43294A3428DAFFF400962A3E;
			remoteInfo = BookManager;
		};
/* End PBXContainerItemProxy section */

/* Begin PBXFileReference section */
		0A13B3421695E70C2BD6A8A7 /* Pods-BookManager.debug.xcconfig */ = {isa = PBXFileReference; includeInIndex = 1; lastKnownFileType = text.xcconfig; name = "Pods-BookManager.debug.xcconfig"; path = "Target Support Files/Pods-BookManager/Pods-BookManager.debug.xcconfig"; sourceTree = "<group>"; };
		0CA956BC752B394FD1B13D08 /* Pods-BookManager-BookManagerUITests.release.xcconfig */ = {isa = PBXFileReference; includeInIndex = 1; lastKnownFileType = text.xcconfig; name = "Pods-BookManager-BookManagerUITests.release.xcconfig"; path = "Target Support Files/Pods-BookManager-BookManagerUITests/Pods-BookManager-BookManagerUITests.release.xcconfig"; sourceTree = "<group>"; };
		1C3F496EEF58DB2113BC9DEA /* Pods_BookManager_BookManagerUITests.framework */ = {isa = PBXFileReference; explicitFileType = wrapper.framework; includeInIndex = 0; path = Pods_BookManager_BookManagerUITests.framework; sourceTree = BUILT_PRODUCTS_DIR; };
		430BEEC428F7AF320007EB0E /* BorrowReturnViewController.swift */ = {isa = PBXFileReference; lastKnownFileType = sourcecode.swift; path = BorrowReturnViewController.swift; sourceTree = "<group>"; };
		43294A3528DAFFF400962A3E /* BookManager.app */ = {isa = PBXFileReference; explicitFileType = wrapper.application; includeInIndex = 0; path = BookManager.app; sourceTree = BUILT_PRODUCTS_DIR; };
		43294A3828DAFFF400962A3E /* AppDelegate.swift */ = {isa = PBXFileReference; lastKnownFileType = sourcecode.swift; path = AppDelegate.swift; sourceTree = "<group>"; };
		43294A3A28DAFFF400962A3E /* SceneDelegate.swift */ = {isa = PBXFileReference; lastKnownFileType = sourcecode.swift; path = SceneDelegate.swift; sourceTree = "<group>"; };
		43294A3C28DAFFF400962A3E /* UserLoginViewController.swift */ = {isa = PBXFileReference; lastKnownFileType = sourcecode.swift; path = UserLoginViewController.swift; sourceTree = "<group>"; };
		43294A3F28DAFFF400962A3E /* Base */ = {isa = PBXFileReference; lastKnownFileType = file.storyboard; name = Base; path = Base.lproj/Main.storyboard; sourceTree = "<group>"; };
		43294A4128DAFFF500962A3E /* Assets.xcassets */ = {isa = PBXFileReference; lastKnownFileType = folder.assetcatalog; path = Assets.xcassets; sourceTree = "<group>"; };
		43294A4428DAFFF500962A3E /* Base */ = {isa = PBXFileReference; lastKnownFileType = file.storyboard; name = Base; path = Base.lproj/LaunchScreen.storyboard; sourceTree = "<group>"; };
		43294A4628DAFFF500962A3E /* Info.plist */ = {isa = PBXFileReference; lastKnownFileType = text.plist.xml; path = Info.plist; sourceTree = "<group>"; };
		43294A4B28DAFFF500962A3E /* BookManagerTests.xctest */ = {isa = PBXFileReference; explicitFileType = wrapper.cfbundle; includeInIndex = 0; path = BookManagerTests.xctest; sourceTree = BUILT_PRODUCTS_DIR; };
		43294A4F28DAFFF500962A3E /* BookManagerTests.swift */ = {isa = PBXFileReference; lastKnownFileType = sourcecode.swift; path = BookManagerTests.swift; sourceTree = "<group>"; };
		43294A5528DAFFF500962A3E /* BookManagerUITests.xctest */ = {isa = PBXFileReference; explicitFileType = wrapper.cfbundle; includeInIndex = 0; path = BookManagerUITests.xctest; sourceTree = BUILT_PRODUCTS_DIR; };
		43294A5928DAFFF500962A3E /* BookManagerUITests.swift */ = {isa = PBXFileReference; lastKnownFileType = sourcecode.swift; path = BookManagerUITests.swift; sourceTree = "<group>"; };
		43294A5B28DAFFF500962A3E /* BookManagerUITestsLaunchTests.swift */ = {isa = PBXFileReference; lastKnownFileType = sourcecode.swift; path = BookManagerUITestsLaunchTests.swift; sourceTree = "<group>"; };
		4378852E28EF0726008FF455 /* UserLoginPresenter.swift */ = {isa = PBXFileReference; lastKnownFileType = sourcecode.swift; path = UserLoginPresenter.swift; sourceTree = "<group>"; };
		4378853028EF07D1008FF455 /* UserLoginModel.swift */ = {isa = PBXFileReference; lastKnownFileType = sourcecode.swift; path = UserLoginModel.swift; sourceTree = "<group>"; };
		4378853328EF1033008FF455 /* User.swift */ = {isa = PBXFileReference; lastKnownFileType = sourcecode.swift; path = User.swift; sourceTree = "<group>"; };
		4378853528EFB3AF008FF455 /* GoogleService-Info.plist */ = {isa = PBXFileReference; fileEncoding = 4; lastKnownFileType = text.plist.xml; name = "GoogleService-Info.plist"; path = "../../../システム係/本管理アプリ/GoogleService-Info.plist"; sourceTree = "<group>"; };
		4378853728F0498E008FF455 /* BookRegisterPresenter.swift */ = {isa = PBXFileReference; lastKnownFileType = sourcecode.swift; path = BookRegisterPresenter.swift; sourceTree = "<group>"; };
		4378853928F049AB008FF455 /* BookRegisterModel.swift */ = {isa = PBXFileReference; lastKnownFileType = sourcecode.swift; path = BookRegisterModel.swift; sourceTree = "<group>"; };
		4378853B28F07006008FF455 /* Isbn.swift */ = {isa = PBXFileReference; lastKnownFileType = sourcecode.swift; path = Isbn.swift; sourceTree = "<group>"; };
		4378853D28F074EE008FF455 /* Book.swift */ = {isa = PBXFileReference; lastKnownFileType = sourcecode.swift; path = Book.swift; sourceTree = "<group>"; };
		4378853F28F1484C008FF455 /* BookManagementPresenter.swift */ = {isa = PBXFileReference; lastKnownFileType = sourcecode.swift; path = BookManagementPresenter.swift; sourceTree = "<group>"; };
		4378854128F1485C008FF455 /* BookManagementModel.swift */ = {isa = PBXFileReference; lastKnownFileType = sourcecode.swift; path = BookManagementModel.swift; sourceTree = "<group>"; };
		4378854428F1B88A008FF455 /* BorrowedBookViewController.swift */ = {isa = PBXFileReference; lastKnownFileType = sourcecode.swift; path = BorrowedBookViewController.swift; sourceTree = "<group>"; };
		4378854628F1B8B9008FF455 /* BorrowedBookPresenter.swift */ = {isa = PBXFileReference; lastKnownFileType = sourcecode.swift; path = BorrowedBookPresenter.swift; sourceTree = "<group>"; };
		4378854828F1B8C2008FF455 /* BorrowedBookModel.swift */ = {isa = PBXFileReference; lastKnownFileType = sourcecode.swift; path = BorrowedBookModel.swift; sourceTree = "<group>"; };
		43E29B0E28E9689900B4A23F /* BookRegisterViewController.swift */ = {isa = PBXFileReference; lastKnownFileType = sourcecode.swift; path = BookRegisterViewController.swift; sourceTree = "<group>"; };
		43E29B1028E968AE00B4A23F /* BookManagementViewController.swift */ = {isa = PBXFileReference; lastKnownFileType = sourcecode.swift; path = BookManagementViewController.swift; sourceTree = "<group>"; };
		43E29B1228E9742700B4A23F /* BookDetailTableViewCell.swift */ = {isa = PBXFileReference; lastKnownFileType = sourcecode.swift; path = BookDetailTableViewCell.swift; sourceTree = "<group>"; };
		59DD5C500B1741635CDD9886 /* Pods-BookManager.release.xcconfig */ = {isa = PBXFileReference; includeInIndex = 1; lastKnownFileType = text.xcconfig; name = "Pods-BookManager.release.xcconfig"; path = "Target Support Files/Pods-BookManager/Pods-BookManager.release.xcconfig"; sourceTree = "<group>"; };
		84289133F2807496DF4ADB8B /* Pods-BookManagerTests.release.xcconfig */ = {isa = PBXFileReference; includeInIndex = 1; lastKnownFileType = text.xcconfig; name = "Pods-BookManagerTests.release.xcconfig"; path = "Target Support Files/Pods-BookManagerTests/Pods-BookManagerTests.release.xcconfig"; sourceTree = "<group>"; };
		AE22123C0254F600ADBC4BDB /* Pods_BookManager.framework */ = {isa = PBXFileReference; explicitFileType = wrapper.framework; includeInIndex = 0; path = Pods_BookManager.framework; sourceTree = BUILT_PRODUCTS_DIR; };
		B18EAE750F08A4CA80DCEF84 /* Pods-BookManager-BookManagerUITests.debug.xcconfig */ = {isa = PBXFileReference; includeInIndex = 1; lastKnownFileType = text.xcconfig; name = "Pods-BookManager-BookManagerUITests.debug.xcconfig"; path = "Target Support Files/Pods-BookManager-BookManagerUITests/Pods-BookManager-BookManagerUITests.debug.xcconfig"; sourceTree = "<group>"; };
		D0CD3184FEE122664575ADE9 /* Pods_BookManagerTests.framework */ = {isa = PBXFileReference; explicitFileType = wrapper.framework; includeInIndex = 0; path = Pods_BookManagerTests.framework; sourceTree = BUILT_PRODUCTS_DIR; };
		E4054648E2E6BE2AA07F678C /* Pods-BookManagerTests.debug.xcconfig */ = {isa = PBXFileReference; includeInIndex = 1; lastKnownFileType = text.xcconfig; name = "Pods-BookManagerTests.debug.xcconfig"; path = "Target Support Files/Pods-BookManagerTests/Pods-BookManagerTests.debug.xcconfig"; sourceTree = "<group>"; };
/* End PBXFileReference section */

/* Begin PBXFrameworksBuildPhase section */
		43294A3228DAFFF400962A3E /* Frameworks */ = {
			isa = PBXFrameworksBuildPhase;
			buildActionMask = 2147483647;
			files = (
				053AE27668B8E55ACF5375AB /* Pods_BookManager.framework in Frameworks */,
			);
			runOnlyForDeploymentPostprocessing = 0;
		};
		43294A4828DAFFF500962A3E /* Frameworks */ = {
			isa = PBXFrameworksBuildPhase;
			buildActionMask = 2147483647;
			files = (
				89B379499F139A57FB4A535C /* Pods_BookManagerTests.framework in Frameworks */,
			);
			runOnlyForDeploymentPostprocessing = 0;
		};
		43294A5228DAFFF500962A3E /* Frameworks */ = {
			isa = PBXFrameworksBuildPhase;
			buildActionMask = 2147483647;
			files = (
				C1216CB399A561B2D0D32D7F /* Pods_BookManager_BookManagerUITests.framework in Frameworks */,
			);
			runOnlyForDeploymentPostprocessing = 0;
		};
/* End PBXFrameworksBuildPhase section */

/* Begin PBXGroup section */
		430BEEC328F7AEAB0007EB0E /* borrowReturn */ = {
			isa = PBXGroup;
			children = (
				430BEEC428F7AF320007EB0E /* BorrowReturnViewController.swift */,
			);
			path = borrowReturn;
			sourceTree = "<group>";
		};
		43294A2C28DAFFF400962A3E = {
			isa = PBXGroup;
			children = (
				43294A3728DAFFF400962A3E /* BookManager */,
				43294A4E28DAFFF500962A3E /* BookManagerTests */,
				43294A5828DAFFF500962A3E /* BookManagerUITests */,
				43294A3628DAFFF400962A3E /* Products */,
				DC2C67E0E1390C35437F0E7E /* Pods */,
				BE229989509F1ED67C88C8C8 /* Frameworks */,
			);
			sourceTree = "<group>";
		};
		43294A3628DAFFF400962A3E /* Products */ = {
			isa = PBXGroup;
			children = (
				43294A3528DAFFF400962A3E /* BookManager.app */,
				43294A4B28DAFFF500962A3E /* BookManagerTests.xctest */,
				43294A5528DAFFF500962A3E /* BookManagerUITests.xctest */,
			);
			name = Products;
			sourceTree = "<group>";
		};
		43294A3728DAFFF400962A3E /* BookManager */ = {
			isa = PBXGroup;
			children = (
				43294A3828DAFFF400962A3E /* AppDelegate.swift */,
				43294A3A28DAFFF400962A3E /* SceneDelegate.swift */,
				4378853228EF082A008FF455 /* Entity */,
				430BEEC328F7AEAB0007EB0E /* borrowReturn */,
				4378854328F1B823008FF455 /* borrowedBook */,
				43E29B0928E9659700B4A23F /* bookManagement */,
				43E29B0728E9658D00B4A23F /* bookRegister */,
				43E29B0628E9657C00B4A23F /* userLogin */,
				43294A3E28DAFFF400962A3E /* Main.storyboard */,
				43294A4128DAFFF500962A3E /* Assets.xcassets */,
				43294A4328DAFFF500962A3E /* LaunchScreen.storyboard */,
				4378853528EFB3AF008FF455 /* GoogleService-Info.plist */,
				43294A4628DAFFF500962A3E /* Info.plist */,
			);
			path = BookManager;
			sourceTree = "<group>";
		};
		43294A4E28DAFFF500962A3E /* BookManagerTests */ = {
			isa = PBXGroup;
			children = (
				43294A4F28DAFFF500962A3E /* BookManagerTests.swift */,
			);
			path = BookManagerTests;
			sourceTree = "<group>";
		};
		43294A5828DAFFF500962A3E /* BookManagerUITests */ = {
			isa = PBXGroup;
			children = (
				43294A5928DAFFF500962A3E /* BookManagerUITests.swift */,
				43294A5B28DAFFF500962A3E /* BookManagerUITestsLaunchTests.swift */,
			);
			path = BookManagerUITests;
			sourceTree = "<group>";
		};
		4378853228EF082A008FF455 /* Entity */ = {
			isa = PBXGroup;
			children = (
				4378853328EF1033008FF455 /* User.swift */,
				4378853B28F07006008FF455 /* Isbn.swift */,
				4378853D28F074EE008FF455 /* Book.swift */,
			);
			path = Entity;
			sourceTree = "<group>";
		};
		4378854328F1B823008FF455 /* borrowedBook */ = {
			isa = PBXGroup;
			children = (
				4378854428F1B88A008FF455 /* BorrowedBookViewController.swift */,
				4378854628F1B8B9008FF455 /* BorrowedBookPresenter.swift */,
				4378854828F1B8C2008FF455 /* BorrowedBookModel.swift */,
			);
			path = borrowedBook;
			sourceTree = "<group>";
		};
		43E29B0628E9657C00B4A23F /* userLogin */ = {
			isa = PBXGroup;
			children = (
				43294A3C28DAFFF400962A3E /* UserLoginViewController.swift */,
				4378852E28EF0726008FF455 /* UserLoginPresenter.swift */,
				4378853028EF07D1008FF455 /* UserLoginModel.swift */,
			);
			path = userLogin;
			sourceTree = "<group>";
		};
		43E29B0728E9658D00B4A23F /* bookRegister */ = {
			isa = PBXGroup;
			children = (
				43E29B0E28E9689900B4A23F /* BookRegisterViewController.swift */,
				4378853728F0498E008FF455 /* BookRegisterPresenter.swift */,
				4378853928F049AB008FF455 /* BookRegisterModel.swift */,
			);
			path = bookRegister;
			sourceTree = "<group>";
		};
		43E29B0928E9659700B4A23F /* bookManagement */ = {
			isa = PBXGroup;
			children = (
				43E29B1028E968AE00B4A23F /* BookManagementViewController.swift */,
				4378853F28F1484C008FF455 /* BookManagementPresenter.swift */,
				4378854128F1485C008FF455 /* BookManagementModel.swift */,
				43E29B1228E9742700B4A23F /* BookDetailTableViewCell.swift */,
			);
			path = bookManagement;
			sourceTree = "<group>";
		};
		BE229989509F1ED67C88C8C8 /* Frameworks */ = {
			isa = PBXGroup;
			children = (
				AE22123C0254F600ADBC4BDB /* Pods_BookManager.framework */,
				1C3F496EEF58DB2113BC9DEA /* Pods_BookManager_BookManagerUITests.framework */,
				D0CD3184FEE122664575ADE9 /* Pods_BookManagerTests.framework */,
			);
			name = Frameworks;
			sourceTree = "<group>";
		};
		DC2C67E0E1390C35437F0E7E /* Pods */ = {
			isa = PBXGroup;
			children = (
				0A13B3421695E70C2BD6A8A7 /* Pods-BookManager.debug.xcconfig */,
				59DD5C500B1741635CDD9886 /* Pods-BookManager.release.xcconfig */,
				B18EAE750F08A4CA80DCEF84 /* Pods-BookManager-BookManagerUITests.debug.xcconfig */,
				0CA956BC752B394FD1B13D08 /* Pods-BookManager-BookManagerUITests.release.xcconfig */,
				E4054648E2E6BE2AA07F678C /* Pods-BookManagerTests.debug.xcconfig */,
				84289133F2807496DF4ADB8B /* Pods-BookManagerTests.release.xcconfig */,
			);
			path = Pods;
			sourceTree = "<group>";
		};
/* End PBXGroup section */

/* Begin PBXNativeTarget section */
		43294A3428DAFFF400962A3E /* BookManager */ = {
			isa = PBXNativeTarget;
			buildConfigurationList = 43294A5F28DAFFF500962A3E /* Build configuration list for PBXNativeTarget "BookManager" */;
			buildPhases = (
				C09F010E281AE332AF51462A /* [CP] Check Pods Manifest.lock */,
				43294A3128DAFFF400962A3E /* Sources */,
				43294A3228DAFFF400962A3E /* Frameworks */,
				43294A3328DAFFF400962A3E /* Resources */,
				15685EB734BCB426B858A81B /* [CP] Embed Pods Frameworks */,
			);
			buildRules = (
			);
			dependencies = (
			);
			name = BookManager;
			packageProductDependencies = (
			);
			productName = BookManager;
			productReference = 43294A3528DAFFF400962A3E /* BookManager.app */;
			productType = "com.apple.product-type.application";
		};
		43294A4A28DAFFF500962A3E /* BookManagerTests */ = {
			isa = PBXNativeTarget;
			buildConfigurationList = 43294A6228DAFFF500962A3E /* Build configuration list for PBXNativeTarget "BookManagerTests" */;
			buildPhases = (
				E1717D64D3A6D2FD6126C4F4 /* [CP] Check Pods Manifest.lock */,
				43294A4728DAFFF500962A3E /* Sources */,
				43294A4828DAFFF500962A3E /* Frameworks */,
				43294A4928DAFFF500962A3E /* Resources */,
			);
			buildRules = (
			);
			dependencies = (
				43294A4D28DAFFF500962A3E /* PBXTargetDependency */,
			);
			name = BookManagerTests;
			productName = BookManagerTests;
			productReference = 43294A4B28DAFFF500962A3E /* BookManagerTests.xctest */;
			productType = "com.apple.product-type.bundle.unit-test";
		};
		43294A5428DAFFF500962A3E /* BookManagerUITests */ = {
			isa = PBXNativeTarget;
			buildConfigurationList = 43294A6528DAFFF500962A3E /* Build configuration list for PBXNativeTarget "BookManagerUITests" */;
			buildPhases = (
				415D77EE2AAB7346198A76E1 /* [CP] Check Pods Manifest.lock */,
				43294A5128DAFFF500962A3E /* Sources */,
				43294A5228DAFFF500962A3E /* Frameworks */,
				43294A5328DAFFF500962A3E /* Resources */,
				05B3B2A600B3EDC96F2AE6DA /* [CP] Embed Pods Frameworks */,
			);
			buildRules = (
			);
			dependencies = (
				43294A5728DAFFF500962A3E /* PBXTargetDependency */,
			);
			name = BookManagerUITests;
			productName = BookManagerUITests;
			productReference = 43294A5528DAFFF500962A3E /* BookManagerUITests.xctest */;
			productType = "com.apple.product-type.bundle.ui-testing";
		};
/* End PBXNativeTarget section */

/* Begin PBXProject section */
		43294A2D28DAFFF400962A3E /* Project object */ = {
			isa = PBXProject;
			attributes = {
				BuildIndependentTargetsInParallel = 1;
				LastSwiftUpdateCheck = 1400;
				LastUpgradeCheck = 1400;
				TargetAttributes = {
					43294A3428DAFFF400962A3E = {
						CreatedOnToolsVersion = 14.0;
					};
					43294A4A28DAFFF500962A3E = {
						CreatedOnToolsVersion = 14.0;
						TestTargetID = 43294A3428DAFFF400962A3E;
					};
					43294A5428DAFFF500962A3E = {
						CreatedOnToolsVersion = 14.0;
						TestTargetID = 43294A3428DAFFF400962A3E;
					};
				};
			};
			buildConfigurationList = 43294A3028DAFFF400962A3E /* Build configuration list for PBXProject "BookManager" */;
			compatibilityVersion = "Xcode 14.0";
			developmentRegion = en;
			hasScannedForEncodings = 0;
			knownRegions = (
				en,
				Base,
			);
			mainGroup = 43294A2C28DAFFF400962A3E;
			packageReferences = (
			);
			productRefGroup = 43294A3628DAFFF400962A3E /* Products */;
			projectDirPath = "";
			projectRoot = "";
			targets = (
				43294A3428DAFFF400962A3E /* BookManager */,
				43294A4A28DAFFF500962A3E /* BookManagerTests */,
				43294A5428DAFFF500962A3E /* BookManagerUITests */,
			);
		};
/* End PBXProject section */

/* Begin PBXResourcesBuildPhase section */
		43294A3328DAFFF400962A3E /* Resources */ = {
			isa = PBXResourcesBuildPhase;
			buildActionMask = 2147483647;
			files = (
				43294A4528DAFFF500962A3E /* LaunchScreen.storyboard in Resources */,
				4378853628EFB3AF008FF455 /* GoogleService-Info.plist in Resources */,
				43294A4228DAFFF500962A3E /* Assets.xcassets in Resources */,
				43294A4028DAFFF400962A3E /* Main.storyboard in Resources */,
			);
			runOnlyForDeploymentPostprocessing = 0;
		};
		43294A4928DAFFF500962A3E /* Resources */ = {
			isa = PBXResourcesBuildPhase;
			buildActionMask = 2147483647;
			files = (
			);
			runOnlyForDeploymentPostprocessing = 0;
		};
		43294A5328DAFFF500962A3E /* Resources */ = {
			isa = PBXResourcesBuildPhase;
			buildActionMask = 2147483647;
			files = (
			);
			runOnlyForDeploymentPostprocessing = 0;
		};
/* End PBXResourcesBuildPhase section */

/* Begin PBXShellScriptBuildPhase section */
		05B3B2A600B3EDC96F2AE6DA /* [CP] Embed Pods Frameworks */ = {
			isa = PBXShellScriptBuildPhase;
			buildActionMask = 2147483647;
			files = (
			);
			inputFileListPaths = (
				"${PODS_ROOT}/Target Support Files/Pods-BookManager-BookManagerUITests/Pods-BookManager-BookManagerUITests-frameworks-${CONFIGURATION}-input-files.xcfilelist",
			);
			name = "[CP] Embed Pods Frameworks";
			outputFileListPaths = (
				"${PODS_ROOT}/Target Support Files/Pods-BookManager-BookManagerUITests/Pods-BookManager-BookManagerUITests-frameworks-${CONFIGURATION}-output-files.xcfilelist",
			);
			runOnlyForDeploymentPostprocessing = 0;
			shellPath = /bin/sh;
			shellScript = "\"${PODS_ROOT}/Target Support Files/Pods-BookManager-BookManagerUITests/Pods-BookManager-BookManagerUITests-frameworks.sh\"\n";
			showEnvVarsInLog = 0;
		};
		15685EB734BCB426B858A81B /* [CP] Embed Pods Frameworks */ = {
			isa = PBXShellScriptBuildPhase;
			buildActionMask = 2147483647;
			files = (
			);
			inputFileListPaths = (
				"${PODS_ROOT}/Target Support Files/Pods-BookManager/Pods-BookManager-frameworks-${CONFIGURATION}-input-files.xcfilelist",
			);
			name = "[CP] Embed Pods Frameworks";
			outputFileListPaths = (
				"${PODS_ROOT}/Target Support Files/Pods-BookManager/Pods-BookManager-frameworks-${CONFIGURATION}-output-files.xcfilelist",
			);
			runOnlyForDeploymentPostprocessing = 0;
			shellPath = /bin/sh;
			shellScript = "\"${PODS_ROOT}/Target Support Files/Pods-BookManager/Pods-BookManager-frameworks.sh\"\n";
			showEnvVarsInLog = 0;
		};
		415D77EE2AAB7346198A76E1 /* [CP] Check Pods Manifest.lock */ = {
			isa = PBXShellScriptBuildPhase;
			buildActionMask = 2147483647;
			files = (
			);
			inputFileListPaths = (
			);
			inputPaths = (
				"${PODS_PODFILE_DIR_PATH}/Podfile.lock",
				"${PODS_ROOT}/Manifest.lock",
			);
			name = "[CP] Check Pods Manifest.lock";
			outputFileListPaths = (
			);
			outputPaths = (
				"$(DERIVED_FILE_DIR)/Pods-BookManager-BookManagerUITests-checkManifestLockResult.txt",
			);
			runOnlyForDeploymentPostprocessing = 0;
			shellPath = /bin/sh;
			shellScript = "diff \"${PODS_PODFILE_DIR_PATH}/Podfile.lock\" \"${PODS_ROOT}/Manifest.lock\" > /dev/null\nif [ $? != 0 ] ; then\n    # print error to STDERR\n    echo \"error: The sandbox is not in sync with the Podfile.lock. Run 'pod install' or update your CocoaPods installation.\" >&2\n    exit 1\nfi\n# This output is used by Xcode 'outputs' to avoid re-running this script phase.\necho \"SUCCESS\" > \"${SCRIPT_OUTPUT_FILE_0}\"\n";
			showEnvVarsInLog = 0;
		};
		C09F010E281AE332AF51462A /* [CP] Check Pods Manifest.lock */ = {
			isa = PBXShellScriptBuildPhase;
			buildActionMask = 2147483647;
			files = (
			);
			inputFileListPaths = (
			);
			inputPaths = (
				"${PODS_PODFILE_DIR_PATH}/Podfile.lock",
				"${PODS_ROOT}/Manifest.lock",
			);
			name = "[CP] Check Pods Manifest.lock";
			outputFileListPaths = (
			);
			outputPaths = (
				"$(DERIVED_FILE_DIR)/Pods-BookManager-checkManifestLockResult.txt",
			);
			runOnlyForDeploymentPostprocessing = 0;
			shellPath = /bin/sh;
			shellScript = "diff \"${PODS_PODFILE_DIR_PATH}/Podfile.lock\" \"${PODS_ROOT}/Manifest.lock\" > /dev/null\nif [ $? != 0 ] ; then\n    # print error to STDERR\n    echo \"error: The sandbox is not in sync with the Podfile.lock. Run 'pod install' or update your CocoaPods installation.\" >&2\n    exit 1\nfi\n# This output is used by Xcode 'outputs' to avoid re-running this script phase.\necho \"SUCCESS\" > \"${SCRIPT_OUTPUT_FILE_0}\"\n";
			showEnvVarsInLog = 0;
		};
		E1717D64D3A6D2FD6126C4F4 /* [CP] Check Pods Manifest.lock */ = {
			isa = PBXShellScriptBuildPhase;
			buildActionMask = 2147483647;
			files = (
			);
			inputFileListPaths = (
			);
			inputPaths = (
				"${PODS_PODFILE_DIR_PATH}/Podfile.lock",
				"${PODS_ROOT}/Manifest.lock",
			);
			name = "[CP] Check Pods Manifest.lock";
			outputFileListPaths = (
			);
			outputPaths = (
				"$(DERIVED_FILE_DIR)/Pods-BookManagerTests-checkManifestLockResult.txt",
			);
			runOnlyForDeploymentPostprocessing = 0;
			shellPath = /bin/sh;
			shellScript = "diff \"${PODS_PODFILE_DIR_PATH}/Podfile.lock\" \"${PODS_ROOT}/Manifest.lock\" > /dev/null\nif [ $? != 0 ] ; then\n    # print error to STDERR\n    echo \"error: The sandbox is not in sync with the Podfile.lock. Run 'pod install' or update your CocoaPods installation.\" >&2\n    exit 1\nfi\n# This output is used by Xcode 'outputs' to avoid re-running this script phase.\necho \"SUCCESS\" > \"${SCRIPT_OUTPUT_FILE_0}\"\n";
			showEnvVarsInLog = 0;
		};
/* End PBXShellScriptBuildPhase section */

/* Begin PBXSourcesBuildPhase section */
		43294A3128DAFFF400962A3E /* Sources */ = {
			isa = PBXSourcesBuildPhase;
			buildActionMask = 2147483647;
			files = (
				4378853128EF07D1008FF455 /* UserLoginModel.swift in Sources */,
				4378853A28F049AB008FF455 /* BookRegisterModel.swift in Sources */,
				4378854928F1B8C2008FF455 /* BorrowedBookModel.swift in Sources */,
				4378854528F1B88A008FF455 /* BorrowedBookViewController.swift in Sources */,
				4378853E28F074EE008FF455 /* Book.swift in Sources */,
				4378852F28EF0726008FF455 /* UserLoginPresenter.swift in Sources */,
				4378854028F1484C008FF455 /* BookManagementPresenter.swift in Sources */,
				43E29B1128E968AE00B4A23F /* BookManagementViewController.swift in Sources */,
				43294A3D28DAFFF400962A3E /* UserLoginViewController.swift in Sources */,
				4378853C28F07006008FF455 /* Isbn.swift in Sources */,
				430BEEC528F7AF320007EB0E /* BorrowReturnViewController.swift in Sources */,
				43294A3928DAFFF400962A3E /* AppDelegate.swift in Sources */,
				43294A3B28DAFFF400962A3E /* SceneDelegate.swift in Sources */,
				43E29B1328E9742800B4A23F /* BookDetailTableViewCell.swift in Sources */,
				43E29B0F28E9689900B4A23F /* BookRegisterViewController.swift in Sources */,
				4378853428EF1033008FF455 /* User.swift in Sources */,
				4378854728F1B8B9008FF455 /* BorrowedBookPresenter.swift in Sources */,
				4378854228F1485C008FF455 /* BookManagementModel.swift in Sources */,
				4378853828F0498E008FF455 /* BookRegisterPresenter.swift in Sources */,
			);
			runOnlyForDeploymentPostprocessing = 0;
		};
		43294A4728DAFFF500962A3E /* Sources */ = {
			isa = PBXSourcesBuildPhase;
			buildActionMask = 2147483647;
			files = (
				43294A5028DAFFF500962A3E /* BookManagerTests.swift in Sources */,
			);
			runOnlyForDeploymentPostprocessing = 0;
		};
		43294A5128DAFFF500962A3E /* Sources */ = {
			isa = PBXSourcesBuildPhase;
			buildActionMask = 2147483647;
			files = (
				43294A5A28DAFFF500962A3E /* BookManagerUITests.swift in Sources */,
				43294A5C28DAFFF500962A3E /* BookManagerUITestsLaunchTests.swift in Sources */,
			);
			runOnlyForDeploymentPostprocessing = 0;
		};
/* End PBXSourcesBuildPhase section */

/* Begin PBXTargetDependency section */
		43294A4D28DAFFF500962A3E /* PBXTargetDependency */ = {
			isa = PBXTargetDependency;
			target = 43294A3428DAFFF400962A3E /* BookManager */;
			targetProxy = 43294A4C28DAFFF500962A3E /* PBXContainerItemProxy */;
		};
		43294A5728DAFFF500962A3E /* PBXTargetDependency */ = {
			isa = PBXTargetDependency;
			target = 43294A3428DAFFF400962A3E /* BookManager */;
			targetProxy = 43294A5628DAFFF500962A3E /* PBXContainerItemProxy */;
		};
/* End PBXTargetDependency section */

/* Begin PBXVariantGroup section */
		43294A3E28DAFFF400962A3E /* Main.storyboard */ = {
			isa = PBXVariantGroup;
			children = (
				43294A3F28DAFFF400962A3E /* Base */,
			);
			name = Main.storyboard;
			sourceTree = "<group>";
		};
		43294A4328DAFFF500962A3E /* LaunchScreen.storyboard */ = {
			isa = PBXVariantGroup;
			children = (
				43294A4428DAFFF500962A3E /* Base */,
			);
			name = LaunchScreen.storyboard;
			sourceTree = "<group>";
		};
/* End PBXVariantGroup section */

/* Begin XCBuildConfiguration section */
		43294A5D28DAFFF500962A3E /* Debug */ = {
			isa = XCBuildConfiguration;
			buildSettings = {
				ALWAYS_SEARCH_USER_PATHS = NO;
				CLANG_ANALYZER_NONNULL = YES;
				CLANG_ANALYZER_NUMBER_OBJECT_CONVERSION = YES_AGGRESSIVE;
				CLANG_CXX_LANGUAGE_STANDARD = "gnu++20";
				CLANG_ENABLE_MODULES = YES;
				CLANG_ENABLE_OBJC_ARC = YES;
				CLANG_ENABLE_OBJC_WEAK = YES;
				CLANG_WARN_BLOCK_CAPTURE_AUTORELEASING = YES;
				CLANG_WARN_BOOL_CONVERSION = YES;
				CLANG_WARN_COMMA = YES;
				CLANG_WARN_CONSTANT_CONVERSION = YES;
				CLANG_WARN_DEPRECATED_OBJC_IMPLEMENTATIONS = YES;
				CLANG_WARN_DIRECT_OBJC_ISA_USAGE = YES_ERROR;
				CLANG_WARN_DOCUMENTATION_COMMENTS = YES;
				CLANG_WARN_EMPTY_BODY = YES;
				CLANG_WARN_ENUM_CONVERSION = YES;
				CLANG_WARN_INFINITE_RECURSION = YES;
				CLANG_WARN_INT_CONVERSION = YES;
				CLANG_WARN_NON_LITERAL_NULL_CONVERSION = YES;
				CLANG_WARN_OBJC_IMPLICIT_RETAIN_SELF = YES;
				CLANG_WARN_OBJC_LITERAL_CONVERSION = YES;
				CLANG_WARN_OBJC_ROOT_CLASS = YES_ERROR;
				CLANG_WARN_QUOTED_INCLUDE_IN_FRAMEWORK_HEADER = YES;
				CLANG_WARN_RANGE_LOOP_ANALYSIS = YES;
				CLANG_WARN_STRICT_PROTOTYPES = YES;
				CLANG_WARN_SUSPICIOUS_MOVE = YES;
				CLANG_WARN_UNGUARDED_AVAILABILITY = YES_AGGRESSIVE;
				CLANG_WARN_UNREACHABLE_CODE = YES;
				CLANG_WARN__DUPLICATE_METHOD_MATCH = YES;
				COPY_PHASE_STRIP = NO;
				DEBUG_INFORMATION_FORMAT = dwarf;
				ENABLE_STRICT_OBJC_MSGSEND = YES;
				ENABLE_TESTABILITY = YES;
				GCC_C_LANGUAGE_STANDARD = gnu11;
				GCC_DYNAMIC_NO_PIC = NO;
				GCC_NO_COMMON_BLOCKS = YES;
				GCC_OPTIMIZATION_LEVEL = 0;
				GCC_PREPROCESSOR_DEFINITIONS = (
					"DEBUG=1",
					"$(inherited)",
				);
				GCC_WARN_64_TO_32_BIT_CONVERSION = YES;
				GCC_WARN_ABOUT_RETURN_TYPE = YES_ERROR;
				GCC_WARN_UNDECLARED_SELECTOR = YES;
				GCC_WARN_UNINITIALIZED_AUTOS = YES_AGGRESSIVE;
				GCC_WARN_UNUSED_FUNCTION = YES;
				GCC_WARN_UNUSED_VARIABLE = YES;
				IPHONEOS_DEPLOYMENT_TARGET = 16.0;
				MTL_ENABLE_DEBUG_INFO = INCLUDE_SOURCE;
				MTL_FAST_MATH = YES;
				ONLY_ACTIVE_ARCH = YES;
				SDKROOT = iphoneos;
				SWIFT_ACTIVE_COMPILATION_CONDITIONS = DEBUG;
				SWIFT_OPTIMIZATION_LEVEL = "-Onone";
			};
			name = Debug;
		};
		43294A5E28DAFFF500962A3E /* Release */ = {
			isa = XCBuildConfiguration;
			buildSettings = {
				ALWAYS_SEARCH_USER_PATHS = NO;
				CLANG_ANALYZER_NONNULL = YES;
				CLANG_ANALYZER_NUMBER_OBJECT_CONVERSION = YES_AGGRESSIVE;
				CLANG_CXX_LANGUAGE_STANDARD = "gnu++20";
				CLANG_ENABLE_MODULES = YES;
				CLANG_ENABLE_OBJC_ARC = YES;
				CLANG_ENABLE_OBJC_WEAK = YES;
				CLANG_WARN_BLOCK_CAPTURE_AUTORELEASING = YES;
				CLANG_WARN_BOOL_CONVERSION = YES;
				CLANG_WARN_COMMA = YES;
				CLANG_WARN_CONSTANT_CONVERSION = YES;
				CLANG_WARN_DEPRECATED_OBJC_IMPLEMENTATIONS = YES;
				CLANG_WARN_DIRECT_OBJC_ISA_USAGE = YES_ERROR;
				CLANG_WARN_DOCUMENTATION_COMMENTS = YES;
				CLANG_WARN_EMPTY_BODY = YES;
				CLANG_WARN_ENUM_CONVERSION = YES;
				CLANG_WARN_INFINITE_RECURSION = YES;
				CLANG_WARN_INT_CONVERSION = YES;
				CLANG_WARN_NON_LITERAL_NULL_CONVERSION = YES;
				CLANG_WARN_OBJC_IMPLICIT_RETAIN_SELF = YES;
				CLANG_WARN_OBJC_LITERAL_CONVERSION = YES;
				CLANG_WARN_OBJC_ROOT_CLASS = YES_ERROR;
				CLANG_WARN_QUOTED_INCLUDE_IN_FRAMEWORK_HEADER = YES;
				CLANG_WARN_RANGE_LOOP_ANALYSIS = YES;
				CLANG_WARN_STRICT_PROTOTYPES = YES;
				CLANG_WARN_SUSPICIOUS_MOVE = YES;
				CLANG_WARN_UNGUARDED_AVAILABILITY = YES_AGGRESSIVE;
				CLANG_WARN_UNREACHABLE_CODE = YES;
				CLANG_WARN__DUPLICATE_METHOD_MATCH = YES;
				COPY_PHASE_STRIP = NO;
				DEBUG_INFORMATION_FORMAT = "dwarf-with-dsym";
				ENABLE_NS_ASSERTIONS = NO;
				ENABLE_STRICT_OBJC_MSGSEND = YES;
				GCC_C_LANGUAGE_STANDARD = gnu11;
				GCC_NO_COMMON_BLOCKS = YES;
				GCC_WARN_64_TO_32_BIT_CONVERSION = YES;
				GCC_WARN_ABOUT_RETURN_TYPE = YES_ERROR;
				GCC_WARN_UNDECLARED_SELECTOR = YES;
				GCC_WARN_UNINITIALIZED_AUTOS = YES_AGGRESSIVE;
				GCC_WARN_UNUSED_FUNCTION = YES;
				GCC_WARN_UNUSED_VARIABLE = YES;
				IPHONEOS_DEPLOYMENT_TARGET = 16.0;
				MTL_ENABLE_DEBUG_INFO = NO;
				MTL_FAST_MATH = YES;
				SDKROOT = iphoneos;
				SWIFT_COMPILATION_MODE = wholemodule;
				SWIFT_OPTIMIZATION_LEVEL = "-O";
				VALIDATE_PRODUCT = YES;
			};
			name = Release;
		};
		43294A6028DAFFF500962A3E /* Debug */ = {
			isa = XCBuildConfiguration;
			baseConfigurationReference = 0A13B3421695E70C2BD6A8A7 /* Pods-BookManager.debug.xcconfig */;
			buildSettings = {
				ASSETCATALOG_COMPILER_APPICON_NAME = AppIcon;
				ASSETCATALOG_COMPILER_GLOBAL_ACCENT_COLOR_NAME = AccentColor;
				CODE_SIGN_STYLE = Automatic;
				CURRENT_PROJECT_VERSION = 1;
				DEVELOPMENT_TEAM = XQH8MPB962;
				GENERATE_INFOPLIST_FILE = YES;
				INFOPLIST_FILE = BookManager/Info.plist;
				INFOPLIST_KEY_UIApplicationSupportsIndirectInputEvents = YES;
				INFOPLIST_KEY_UILaunchStoryboardName = LaunchScreen;
				INFOPLIST_KEY_UIMainStoryboardFile = Main;
				INFOPLIST_KEY_UISupportedInterfaceOrientations_iPad = "UIInterfaceOrientationPortrait UIInterfaceOrientationPortraitUpsideDown UIInterfaceOrientationLandscapeLeft UIInterfaceOrientationLandscapeRight";
				INFOPLIST_KEY_UISupportedInterfaceOrientations_iPhone = "UIInterfaceOrientationPortrait UIInterfaceOrientationLandscapeLeft UIInterfaceOrientationLandscapeRight";
				LD_RUNPATH_SEARCH_PATHS = (
					"$(inherited)",
					"@executable_path/Frameworks",
				);
				MARKETING_VERSION = 1.0;
				PRODUCT_BUNDLE_IDENTIFIER = aiba.test.BookManager;
				PRODUCT_NAME = "$(TARGET_NAME)";
				SWIFT_EMIT_LOC_STRINGS = YES;
				SWIFT_VERSION = 5.0;
				TARGETED_DEVICE_FAMILY = "1,2";
			};
			name = Debug;
		};
		43294A6128DAFFF500962A3E /* Release */ = {
			isa = XCBuildConfiguration;
			baseConfigurationReference = 59DD5C500B1741635CDD9886 /* Pods-BookManager.release.xcconfig */;
			buildSettings = {
				ASSETCATALOG_COMPILER_APPICON_NAME = AppIcon;
				ASSETCATALOG_COMPILER_GLOBAL_ACCENT_COLOR_NAME = AccentColor;
				CODE_SIGN_STYLE = Automatic;
				CURRENT_PROJECT_VERSION = 1;
				DEVELOPMENT_TEAM = XQH8MPB962;
				GENERATE_INFOPLIST_FILE = YES;
				INFOPLIST_FILE = BookManager/Info.plist;
				INFOPLIST_KEY_UIApplicationSupportsIndirectInputEvents = YES;
				INFOPLIST_KEY_UILaunchStoryboardName = LaunchScreen;
				INFOPLIST_KEY_UIMainStoryboardFile = Main;
				INFOPLIST_KEY_UISupportedInterfaceOrientations_iPad = "UIInterfaceOrientationPortrait UIInterfaceOrientationPortraitUpsideDown UIInterfaceOrientationLandscapeLeft UIInterfaceOrientationLandscapeRight";
				INFOPLIST_KEY_UISupportedInterfaceOrientations_iPhone = "UIInterfaceOrientationPortrait UIInterfaceOrientationLandscapeLeft UIInterfaceOrientationLandscapeRight";
				LD_RUNPATH_SEARCH_PATHS = (
					"$(inherited)",
					"@executable_path/Frameworks",
				);
				MARKETING_VERSION = 1.0;
				PRODUCT_BUNDLE_IDENTIFIER = aiba.test.BookManager;
				PRODUCT_NAME = "$(TARGET_NAME)";
				SWIFT_EMIT_LOC_STRINGS = YES;
				SWIFT_VERSION = 5.0;
				TARGETED_DEVICE_FAMILY = "1,2";
			};
			name = Release;
		};
		43294A6328DAFFF500962A3E /* Debug */ = {
			isa = XCBuildConfiguration;
			baseConfigurationReference = E4054648E2E6BE2AA07F678C /* Pods-BookManagerTests.debug.xcconfig */;
			buildSettings = {
				ALWAYS_EMBED_SWIFT_STANDARD_LIBRARIES = "$(inherited)";
				BUNDLE_LOADER = "$(TEST_HOST)";
				CODE_SIGN_STYLE = Automatic;
				CURRENT_PROJECT_VERSION = 1;
				DEVELOPMENT_TEAM = XQH8MPB962;
				GENERATE_INFOPLIST_FILE = YES;
				IPHONEOS_DEPLOYMENT_TARGET = 16.0;
				MARKETING_VERSION = 1.0;
				PRODUCT_BUNDLE_IDENTIFIER = aiba.test.BookManagerTests;
				PRODUCT_NAME = "$(TARGET_NAME)";
				SWIFT_EMIT_LOC_STRINGS = NO;
				SWIFT_VERSION = 5.0;
				TARGETED_DEVICE_FAMILY = "1,2";
				TEST_HOST = "$(BUILT_PRODUCTS_DIR)/BookManager.app/$(BUNDLE_EXECUTABLE_FOLDER_PATH)/BookManager";
			};
			name = Debug;
		};
		43294A6428DAFFF500962A3E /* Release */ = {
			isa = XCBuildConfiguration;
			baseConfigurationReference = 84289133F2807496DF4ADB8B /* Pods-BookManagerTests.release.xcconfig */;
			buildSettings = {
				ALWAYS_EMBED_SWIFT_STANDARD_LIBRARIES = "$(inherited)";
				BUNDLE_LOADER = "$(TEST_HOST)";
				CODE_SIGN_STYLE = Automatic;
				CURRENT_PROJECT_VERSION = 1;
				DEVELOPMENT_TEAM = XQH8MPB962;
				GENERATE_INFOPLIST_FILE = YES;
				IPHONEOS_DEPLOYMENT_TARGET = 16.0;
				MARKETING_VERSION = 1.0;
				PRODUCT_BUNDLE_IDENTIFIER = aiba.test.BookManagerTests;
				PRODUCT_NAME = "$(TARGET_NAME)";
				SWIFT_EMIT_LOC_STRINGS = NO;
				SWIFT_VERSION = 5.0;
				TARGETED_DEVICE_FAMILY = "1,2";
				TEST_HOST = "$(BUILT_PRODUCTS_DIR)/BookManager.app/$(BUNDLE_EXECUTABLE_FOLDER_PATH)/BookManager";
			};
			name = Release;
		};
		43294A6628DAFFF500962A3E /* Debug */ = {
			isa = XCBuildConfiguration;
			baseConfigurationReference = B18EAE750F08A4CA80DCEF84 /* Pods-BookManager-BookManagerUITests.debug.xcconfig */;
			buildSettings = {
				ALWAYS_EMBED_SWIFT_STANDARD_LIBRARIES = "$(inherited)";
				CODE_SIGN_STYLE = Automatic;
				CURRENT_PROJECT_VERSION = 1;
				DEVELOPMENT_TEAM = XQH8MPB962;
				GENERATE_INFOPLIST_FILE = YES;
				MARKETING_VERSION = 1.0;
				PRODUCT_BUNDLE_IDENTIFIER = aiba.test.BookManagerUITests;
				PRODUCT_NAME = "$(TARGET_NAME)";
				SWIFT_EMIT_LOC_STRINGS = NO;
				SWIFT_VERSION = 5.0;
				TARGETED_DEVICE_FAMILY = "1,2";
				TEST_TARGET_NAME = BookManager;
			};
			name = Debug;
		};
		43294A6728DAFFF500962A3E /* Release */ = {
			isa = XCBuildConfiguration;
			baseConfigurationReference = 0CA956BC752B394FD1B13D08 /* Pods-BookManager-BookManagerUITests.release.xcconfig */;
			buildSettings = {
				ALWAYS_EMBED_SWIFT_STANDARD_LIBRARIES = "$(inherited)";
				CODE_SIGN_STYLE = Automatic;
				CURRENT_PROJECT_VERSION = 1;
				DEVELOPMENT_TEAM = XQH8MPB962;
				GENERATE_INFOPLIST_FILE = YES;
				MARKETING_VERSION = 1.0;
				PRODUCT_BUNDLE_IDENTIFIER = aiba.test.BookManagerUITests;
				PRODUCT_NAME = "$(TARGET_NAME)";
				SWIFT_EMIT_LOC_STRINGS = NO;
				SWIFT_VERSION = 5.0;
				TARGETED_DEVICE_FAMILY = "1,2";
				TEST_TARGET_NAME = BookManager;
			};
			name = Release;
		};
/* End XCBuildConfiguration section */

/* Begin XCConfigurationList section */
		43294A3028DAFFF400962A3E /* Build configuration list for PBXProject "BookManager" */ = {
			isa = XCConfigurationList;
			buildConfigurations = (
				43294A5D28DAFFF500962A3E /* Debug */,
				43294A5E28DAFFF500962A3E /* Release */,
			);
			defaultConfigurationIsVisible = 0;
			defaultConfigurationName = Release;
		};
		43294A5F28DAFFF500962A3E /* Build configuration list for PBXNativeTarget "BookManager" */ = {
			isa = XCConfigurationList;
			buildConfigurations = (
				43294A6028DAFFF500962A3E /* Debug */,
				43294A6128DAFFF500962A3E /* Release */,
			);
			defaultConfigurationIsVisible = 0;
			defaultConfigurationName = Release;
		};
		43294A6228DAFFF500962A3E /* Build configuration list for PBXNativeTarget "BookManagerTests" */ = {
			isa = XCConfigurationList;
			buildConfigurations = (
				43294A6328DAFFF500962A3E /* Debug */,
				43294A6428DAFFF500962A3E /* Release */,
			);
			defaultConfigurationIsVisible = 0;
			defaultConfigurationName = Release;
		};
		43294A6528DAFFF500962A3E /* Build configuration list for PBXNativeTarget "BookManagerUITests" */ = {
			isa = XCConfigurationList;
			buildConfigurations = (
				43294A6628DAFFF500962A3E /* Debug */,
				43294A6728DAFFF500962A3E /* Release */,
			);
			defaultConfigurationIsVisible = 0;
			defaultConfigurationName = Release;
		};
/* End XCConfigurationList section */
	};
	rootObject = 43294A2D28DAFFF400962A3E /* Project object */;
}
